
Microsoft Visual Studio Solution File, Format Version 12.00
# Visual Studio Version 16
VisualStudioVersion = 16.0.30907.101
MinimumVisualStudioVersion = 10.0.40219.1
Project("{FAE04EC0-301F-11D3-BF4B-00C04F79EFBC}") = "BasicTextEditor", "BasicTextEditor\BasicTextEditor.csproj", "{C80EFC77-C55F-416A-BDB2-EDD7476DF66F}"
EndProject
Project("{FAE04EC0-301F-11D3-BF4B-00C04F79EFBC}") = "BasicTextEditor.BL", "BasicTextEditor.BL\BasicTextEditor.BL.csproj", "{B39F54D7-699F-4787-B298-1FBF2E975982}"
EndProject
Global
	GlobalSection(SolutionConfigurationPlatforms) = preSolution
		Debug|Any CPU = Debug|Any CPU
		Release|Any CPU = Release|Any CPU
	EndGlobalSection
	GlobalSection(ProjectConfigurationPlatforms) = postSolution
		{C80EFC77-C55F-416A-BDB2-EDD7476DF66F}.Debug|Any CPU.ActiveCfg = Debug|Any CPU
		{C80EFC77-C55F-416A-BDB2-EDD7476DF66F}.Debug|Any CPU.Build.0 = Debug|Any CPU
		{C80EFC77-C55F-416A-BDB2-EDD7476DF66F}.Release|Any CPU.ActiveCfg = Release|Any CPU
		{C80EFC77-C55F-416A-BDB2-EDD7476DF66F}.Release|Any CPU.Build.0 = Release|Any CPU
		{B39F54D7-699F-4787-B298-1FBF2E975982}.Debug|Any CPU.ActiveCfg = Debug|Any CPU
		{B39F54D7-699F-4787-B298-1FBF2E975982}.Debug|Any CPU.Build.0 = Debug|Any CPU
		{B39F54D7-699F-4787-B298-1FBF2E975982}.Release|Any CPU.ActiveCfg = Release|Any CPU
		{B39F54D7-699F-4787-B298-1FBF2E975982}.Release|Any CPU.Build.0 = Release|Any CPU
	EndGlobalSection
	GlobalSection(SolutionProperties) = preSolution
		HideSolutionNode = FALSE
	EndGlobalSection
	GlobalSection(ExtensibilityGlobals) = postSolution
		SolutionGuid = {859E6A23-1ABD-4488-98F0-095C44A5ACF3}
	EndGlobalSection
EndGlobal
